
Microsoft Visual Studio Solution File, Format Version 12.00
# Visual Studio Version 17
VisualStudioVersion = 17.7.33709.593
MinimumVisualStudioVersion = 10.0.40219.1
Project("{FAE04EC0-301F-11D3-BF4B-00C04F79EFBC}") = "GenApiDiff", "GenApiDiff.csproj", "{54FD6EE9-7622-469A-99D8-DCCE480AA16B}"
EndProject
Global
	GlobalSection(SolutionConfigurationPlatforms) = preSolution
		Debug|Any CPU = Debug|Any CPU
		Release|Any CPU = Release|Any CPU
	EndGlobalSection
	GlobalSection(ProjectConfigurationPlatforms) = postSolution
		{54FD6EE9-7622-469A-99D8-DCCE480AA16B}.Debug|Any CPU.ActiveCfg = Debug|Any CPU
		{54FD6EE9-7622-469A-99D8-DCCE480AA16B}.Debug|Any CPU.Build.0 = Debug|Any CPU
		{54FD6EE9-7622-469A-99D8-DCCE480AA16B}.Release|Any CPU.ActiveCfg = Release|Any CPU
		{54FD6EE9-7622-469A-99D8-DCCE480AA16B}.Release|Any CPU.Build.0 = Release|Any CPU
	EndGlobalSection
	GlobalSection(SolutionProperties) = preSolution
		HideSolutionNode = FALSE
	EndGlobalSection
	GlobalSection(ExtensibilityGlobals) = postSolution
		SolutionGuid = {770DF9E4-06AB-4D7C-BB71-4FA6C5156304}
	EndGlobalSection
EndGlobal
