
Microsoft Visual Studio Solution File, Format Version 12.00
# Visual Studio Version 16
VisualStudioVersion = 16.0.30114.128
MinimumVisualStudioVersion = 10.0.40219.1
Project("{9A19103F-16F7-4668-BE54-9A1E7A4F7556}") = "src", "src\src.csproj", "{0B7EC723-AD2E-4B82-A08C-F104E8168C45}"
EndProject
Project("{9A19103F-16F7-4668-BE54-9A1E7A4F7556}") = "test", "test\test.csproj", "{804B8D74-38DE-44A1-BEA9-1CE02E9ED9BB}"
EndProject
Global
	GlobalSection(SolutionConfigurationPlatforms) = preSolution
		Debug|Any CPU = Debug|Any CPU
		Release|Any CPU = Release|Any CPU
	EndGlobalSection
	GlobalSection(ProjectConfigurationPlatforms) = postSolution
		{0B7EC723-AD2E-4B82-A08C-F104E8168C45}.Debug|Any CPU.ActiveCfg = Debug|Any CPU
		{0B7EC723-AD2E-4B82-A08C-F104E8168C45}.Debug|Any CPU.Build.0 = Debug|Any CPU
		{0B7EC723-AD2E-4B82-A08C-F104E8168C45}.Release|Any CPU.ActiveCfg = Release|Any CPU
		{0B7EC723-AD2E-4B82-A08C-F104E8168C45}.Release|Any CPU.Build.0 = Release|Any CPU
		{804B8D74-38DE-44A1-BEA9-1CE02E9ED9BB}.Debug|Any CPU.ActiveCfg = Debug|Any CPU
		{804B8D74-38DE-44A1-BEA9-1CE02E9ED9BB}.Debug|Any CPU.Build.0 = Debug|Any CPU
		{804B8D74-38DE-44A1-BEA9-1CE02E9ED9BB}.Release|Any CPU.ActiveCfg = Release|Any CPU
		{804B8D74-38DE-44A1-BEA9-1CE02E9ED9BB}.Release|Any CPU.Build.0 = Release|Any CPU
	EndGlobalSection
	GlobalSection(SolutionProperties) = preSolution
		HideSolutionNode = FALSE
	EndGlobalSection
	GlobalSection(ExtensibilityGlobals) = postSolution
		SolutionGuid = {F5674991-C639-4EC9-BB3E-51A0091A7729}
	EndGlobalSection
EndGlobal
